
Microsoft Visual Studio Solution File, Format Version 12.00
# Visual Studio Version 16
VisualStudioVersion = 16.0.29920.165
MinimumVisualStudioVersion = 10.0.40219.1
Project("{FAE04EC0-301F-11D3-BF4B-00C04F79EFBC}") = "qDNS", "qDNS\qDNS.csproj", "{4EE14CB8-CFE6-4EBC-90CB-08BEE75B6C83}"
EndProject
Project("{FAE04EC0-301F-11D3-BF4B-00C04F79EFBC}") = "qDNS.Tests", "qDNS.Tests\qDNS.Tests.csproj", "{142F7F26-360E-4843-A235-2BDF0F4757B5}"
EndProject
Project("{2150E333-8FDC-42A3-9474-1A3956D46DE8}") = "Solution Items", "Solution Items", "{D5BE0A7E-948A-421C-9750-92CDBA72BBE8}"
	ProjectSection(SolutionItems) = preProject
		.editorconfig = .editorconfig
	EndProjectSection
EndProject
Global
	GlobalSection(SolutionConfigurationPlatforms) = preSolution
		Debug|Any CPU = Debug|Any CPU
		Release|Any CPU = Release|Any CPU
	EndGlobalSection
	GlobalSection(ProjectConfigurationPlatforms) = postSolution
		{4EE14CB8-CFE6-4EBC-90CB-08BEE75B6C83}.Debug|Any CPU.ActiveCfg = Debug|Any CPU
		{4EE14CB8-CFE6-4EBC-90CB-08BEE75B6C83}.Debug|Any CPU.Build.0 = Debug|Any CPU
		{4EE14CB8-CFE6-4EBC-90CB-08BEE75B6C83}.Release|Any CPU.ActiveCfg = Release|Any CPU
		{4EE14CB8-CFE6-4EBC-90CB-08BEE75B6C83}.Release|Any CPU.Build.0 = Release|Any CPU
		{142F7F26-360E-4843-A235-2BDF0F4757B5}.Debug|Any CPU.ActiveCfg = Debug|Any CPU
		{142F7F26-360E-4843-A235-2BDF0F4757B5}.Debug|Any CPU.Build.0 = Debug|Any CPU
		{142F7F26-360E-4843-A235-2BDF0F4757B5}.Release|Any CPU.ActiveCfg = Release|Any CPU
		{142F7F26-360E-4843-A235-2BDF0F4757B5}.Release|Any CPU.Build.0 = Release|Any CPU
	EndGlobalSection
	GlobalSection(SolutionProperties) = preSolution
		HideSolutionNode = FALSE
	EndGlobalSection
	GlobalSection(ExtensibilityGlobals) = postSolution
		SolutionGuid = {768179FA-7913-4D95-B724-C11B8EAB3A6F}
	EndGlobalSection
EndGlobal
